
Microsoft Visual Studio Solution File, Format Version 12.00
# Visual Studio Version 17
VisualStudioVersion = 17.13.35919.96
MinimumVisualStudioVersion = 10.0.40219.1
Project("{FAE04EC0-301F-11D3-BF4B-00C04F79EFBC}") = "LibraryWebAPI", "LibraryWebAPI.csproj", "{686F6449-A2FB-412D-B890-6B5A7D74384D}"
EndProject
Global
	GlobalSection(SolutionConfigurationPlatforms) = preSolution
		Debug|Any CPU = Debug|Any CPU
		Release|Any CPU = Release|Any CPU
	EndGlobalSection
	GlobalSection(ProjectConfigurationPlatforms) = postSolution
		{686F6449-A2FB-412D-B890-6B5A7D74384D}.Debug|Any CPU.ActiveCfg = Debug|Any CPU
		{686F6449-A2FB-412D-B890-6B5A7D74384D}.Debug|Any CPU.Build.0 = Debug|Any CPU
		{686F6449-A2FB-412D-B890-6B5A7D74384D}.Release|Any CPU.ActiveCfg = Release|Any CPU
		{686F6449-A2FB-412D-B890-6B5A7D74384D}.Release|Any CPU.Build.0 = Release|Any CPU
	EndGlobalSection
	GlobalSection(SolutionProperties) = preSolution
		HideSolutionNode = FALSE
	EndGlobalSection
	GlobalSection(ExtensibilityGlobals) = postSolution
		SolutionGuid = {EA89B963-5F38-415E-A5F3-45846D2C0B75}
	EndGlobalSection
EndGlobal
